// !$*UTF8*$!
{
	archiveVersion = 1;
	classes = {
	};
	objectVersion = 56;
	objects = {

/* Begin PBXBuildFile section */
		1122EB4D2C071D180083D697 /* DecisionTree.swift in Sources */ = {isa = PBXBuildFile; fileRef = 1122EB4C2C071D180083D697 /* DecisionTree.swift */; };
		1138E16E2C0528260008BE23 /* main.swift in Sources */ = {isa = PBXBuildFile; fileRef = 1138E16D2C0528260008BE23 /* main.swift */; };
		1138E1752C0528CD0008BE23 /* LogisticRegression.swift in Sources */ = {isa = PBXBuildFile; fileRef = 1138E1742C0528CD0008BE23 /* LogisticRegression.swift */; };
		1138E1772C0529BF0008BE23 /* NeuralNetwork.swift in Sources */ = {isa = PBXBuildFile; fileRef = 1138E1762C0529BF0008BE23 /* NeuralNetwork.swift */; };
		1138E1792C052C7A0008BE23 /* KNearestNeighbors.swift in Sources */ = {isa = PBXBuildFile; fileRef = 1138E1782C052C7A0008BE23 /* KNearestNeighbors.swift */; };
/* End PBXBuildFile section */

/* Begin PBXCopyFilesBuildPhase section */
		1138E1682C0528260008BE23 /* CopyFiles */ = {
			isa = PBXCopyFilesBuildPhase;
			buildActionMask = 2147483647;
			dstPath = /usr/share/man/man1/;
			dstSubfolderSpec = 0;
			files = (
			);
			runOnlyForDeploymentPostprocessing = 1;
		};
/* End PBXCopyFilesBuildPhase section */

/* Begin PBXFileReference section */
		1122EB4C2C071D180083D697 /* DecisionTree.swift */ = {isa = PBXFileReference; lastKnownFileType = sourcecode.swift; path = DecisionTree.swift; sourceTree = "<group>"; };
		1138E16A2C0528260008BE23 /* MachineLearningSwift */ = {isa = PBXFileReference; explicitFileType = "compiled.mach-o.executable"; includeInIndex = 0; path = MachineLearningSwift; sourceTree = BUILT_PRODUCTS_DIR; };
		1138E16D2C0528260008BE23 /* main.swift */ = {isa = PBXFileReference; lastKnownFileType = sourcecode.swift; path = main.swift; sourceTree = "<group>"; };
		1138E1742C0528CD0008BE23 /* LogisticRegression.swift */ = {isa = PBXFileReference; lastKnownFileType = sourcecode.swift; path = LogisticRegression.swift; sourceTree = "<group>"; };
		1138E1762C0529BF0008BE23 /* NeuralNetwork.swift */ = {isa = PBXFileReference; lastKnownFileType = sourcecode.swift; path = NeuralNetwork.swift; sourceTree = "<group>"; };
		1138E1782C052C7A0008BE23 /* KNearestNeighbors.swift */ = {isa = PBXFileReference; lastKnownFileType = sourcecode.swift; path = KNearestNeighbors.swift; sourceTree = "<group>"; };
/* End PBXFileReference section */

/* Begin PBXFrameworksBuildPhase section */
		1138E1672C0528260008BE23 /* Frameworks */ = {
			isa = PBXFrameworksBuildPhase;
			buildActionMask = 2147483647;
			files = (
			);
			runOnlyForDeploymentPostprocessing = 0;
		};
/* End PBXFrameworksBuildPhase section */

/* Begin PBXGroup section */
		1138E1612C0528260008BE23 = {
			isa = PBXGroup;
			children = (
				1138E16C2C0528260008BE23 /* MachineLearningSwift */,
				1138E16B2C0528260008BE23 /* Products */,
			);
			sourceTree = "<group>";
		};
		1138E16B2C0528260008BE23 /* Products */ = {
			isa = PBXGroup;
			children = (
				1138E16A2C0528260008BE23 /* MachineLearningSwift */,
			);
			name = Products;
			sourceTree = "<group>";
		};
		1138E16C2C0528260008BE23 /* MachineLearningSwift */ = {
			isa = PBXGroup;
			children = (
				1138E16D2C0528260008BE23 /* main.swift */,
				1122EB4C2C071D180083D697 /* DecisionTree.swift */,
				1138E1742C0528CD0008BE23 /* LogisticRegression.swift */,
				1138E1762C0529BF0008BE23 /* NeuralNetwork.swift */,
				1138E1782C052C7A0008BE23 /* KNearestNeighbors.swift */,
			);
			path = MachineLearningSwift;
			sourceTree = "<group>";
		};
/* End PBXGroup section */

/* Begin PBXNativeTarget section */
		1138E1692C0528260008BE23 /* MachineLearningSwift */ = {
			isa = PBXNativeTarget;
			buildConfigurationList = 1138E1712C0528260008BE23 /* Build configuration list for PBXNativeTarget "MachineLearningSwift" */;
			buildPhases = (
				1138E1662C0528260008BE23 /* Sources */,
				1138E1672C0528260008BE23 /* Frameworks */,
				1138E1682C0528260008BE23 /* CopyFiles */,
			);
			buildRules = (
			);
			dependencies = (
			);
			name = MachineLearningSwift;
			productName = MachineLearningSwift;
			productReference = 1138E16A2C0528260008BE23 /* MachineLearningSwift */;
			productType = "com.apple.product-type.tool";
		};
/* End PBXNativeTarget section */

/* Begin PBXProject section */
		1138E1622C0528260008BE23 /* Project object */ = {
			isa = PBXProject;
			attributes = {
				BuildIndependentTargetsInParallel = 1;
				LastSwiftUpdateCheck = 1530;
				LastUpgradeCheck = 1530;
				TargetAttributes = {
					1138E1692C0528260008BE23 = {
						CreatedOnToolsVersion = 15.3;
					};
				};
			};
			buildConfigurationList = 1138E1652C0528260008BE23 /* Build configuration list for PBXProject "MachineLearningSwift" */;
			compatibilityVersion = "Xcode 14.0";
			developmentRegion = en;
			hasScannedForEncodings = 0;
			knownRegions = (
				en,
				Base,
			);
			mainGroup = 1138E1612C0528260008BE23;
			productRefGroup = 1138E16B2C0528260008BE23 /* Products */;
			projectDirPath = "";
			projectRoot = "";
			targets = (
				1138E1692C0528260008BE23 /* MachineLearningSwift */,
			);
		};
/* End PBXProject section */

/* Begin PBXSourcesBuildPhase section */
		1138E1662C0528260008BE23 /* Sources */ = {
			isa = PBXSourcesBuildPhase;
			buildActionMask = 2147483647;
			files = (
				1138E1792C052C7A0008BE23 /* KNearestNeighbors.swift in Sources */,
				1122EB4D2C071D180083D697 /* DecisionTree.swift in Sources */,
				1138E1752C0528CD0008BE23 /* LogisticRegression.swift in Sources */,
				1138E16E2C0528260008BE23 /* main.swift in Sources */,
				1138E1772C0529BF0008BE23 /* NeuralNetwork.swift in Sources */,
			);
			runOnlyForDeploymentPostprocessing = 0;
		};
/* End PBXSourcesBuildPhase section */

/* Begin XCBuildConfiguration section */
		1138E16F2C0528260008BE23 /* Debug */ = {
			isa = XCBuildConfiguration;
			buildSettings = {
				ALWAYS_SEARCH_USER_PATHS = NO;
				ASSETCATALOG_COMPILER_GENERATE_SWIFT_ASSET_SYMBOL_EXTENSIONS = YES;
				CLANG_ANALYZER_NONNULL = YES;
				CLANG_ANALYZER_NUMBER_OBJECT_CONVERSION = YES_AGGRESSIVE;
				CLANG_CXX_LANGUAGE_STANDARD = "gnu++20";
				CLANG_ENABLE_MODULES = YES;
				CLANG_ENABLE_OBJC_ARC = YES;
				CLANG_ENABLE_OBJC_WEAK = YES;
				CLANG_WARN_BLOCK_CAPTURE_AUTORELEASING = YES;
				CLANG_WARN_BOOL_CONVERSION = YES;
				CLANG_WARN_COMMA = YES;
				CLANG_WARN_CONSTANT_CONVERSION = YES;
				CLANG_WARN_DEPRECATED_OBJC_IMPLEMENTATIONS = YES;
				CLANG_WARN_DIRECT_OBJC_ISA_USAGE = YES_ERROR;
				CLANG_WARN_DOCUMENTATION_COMMENTS = YES;
				CLANG_WARN_EMPTY_BODY = YES;
				CLANG_WARN_ENUM_CONVERSION = YES;
				CLANG_WARN_INFINITE_RECURSION = YES;
				CLANG_WARN_INT_CONVERSION = YES;
				CLANG_WARN_NON_LITERAL_NULL_CONVERSION = YES;
				CLANG_WARN_OBJC_IMPLICIT_RETAIN_SELF = YES;
				CLANG_WARN_OBJC_LITERAL_CONVERSION = YES;
				CLANG_WARN_OBJC_ROOT_CLASS = YES_ERROR;
				CLANG_WARN_QUOTED_INCLUDE_IN_FRAMEWORK_HEADER = YES;
				CLANG_WARN_RANGE_LOOP_ANALYSIS = YES;
				CLANG_WARN_STRICT_PROTOTYPES = YES;
				CLANG_WARN_SUSPICIOUS_MOVE = YES;
				CLANG_WARN_UNGUARDED_AVAILABILITY = YES_AGGRESSIVE;
				CLANG_WARN_UNREACHABLE_CODE = YES;
				CLANG_WARN__DUPLICATE_METHOD_MATCH = YES;
				COPY_PHASE_STRIP = NO;
				DEBUG_INFORMATION_FORMAT = dwarf;
				ENABLE_STRICT_OBJC_MSGSEND = YES;
				ENABLE_TESTABILITY = YES;
				ENABLE_USER_SCRIPT_SANDBOXING = YES;
				GCC_C_LANGUAGE_STANDARD = gnu17;
				GCC_DYNAMIC_NO_PIC = NO;
				GCC_NO_COMMON_BLOCKS = YES;
				GCC_OPTIMIZATION_LEVEL = 0;
				GCC_PREPROCESSOR_DEFINITIONS = (
					"DEBUG=1",
					"$(inherited)",
				);
				GCC_WARN_64_TO_32_BIT_CONVERSION = YES;
				GCC_WARN_ABOUT_RETURN_TYPE = YES_ERROR;
				GCC_WARN_UNDECLARED_SELECTOR = YES;
				GCC_WARN_UNINITIALIZED_AUTOS = YES_AGGRESSIVE;
				GCC_WARN_UNUSED_FUNCTION = YES;
				GCC_WARN_UNUSED_VARIABLE = YES;
				LOCALIZATION_PREFERS_STRING_CATALOGS = YES;
				MACOSX_DEPLOYMENT_TARGET = 14.4;
				MTL_ENABLE_DEBUG_INFO = INCLUDE_SOURCE;
				MTL_FAST_MATH = YES;
				ONLY_ACTIVE_ARCH = YES;
				SDKROOT = macosx;
				SWIFT_ACTIVE_COMPILATION_CONDITIONS = "DEBUG $(inherited)";
				SWIFT_OPTIMIZATION_LEVEL = "-Onone";
			};
			name = Debug;
		};
		1138E1702C0528260008BE23 /* Release */ = {
			isa = XCBuildConfiguration;
			buildSettings = {
				ALWAYS_SEARCH_USER_PATHS = NO;
				ASSETCATALOG_COMPILER_GENERATE_SWIFT_ASSET_SYMBOL_EXTENSIONS = YES;
				CLANG_ANALYZER_NONNULL = YES;
				CLANG_ANALYZER_NUMBER_OBJECT_CONVERSION = YES_AGGRESSIVE;
				CLANG_CXX_LANGUAGE_STANDARD = "gnu++20";
				CLANG_ENABLE_MODULES = YES;
				CLANG_ENABLE_OBJC_ARC = YES;
				CLANG_ENABLE_OBJC_WEAK = YES;
				CLANG_WARN_BLOCK_CAPTURE_AUTORELEASING = YES;
				CLANG_WARN_BOOL_CONVERSION = YES;
				CLANG_WARN_COMMA = YES;
				CLANG_WARN_CONSTANT_CONVERSION = YES;
				CLANG_WARN_DEPRECATED_OBJC_IMPLEMENTATIONS = YES;
				CLANG_WARN_DIRECT_OBJC_ISA_USAGE = YES_ERROR;
				CLANG_WARN_DOCUMENTATION_COMMENTS = YES;
				CLANG_WARN_EMPTY_BODY = YES;
				CLANG_WARN_ENUM_CONVERSION = YES;
				CLANG_WARN_INFINITE_RECURSION = YES;
				CLANG_WARN_INT_CONVERSION = YES;
				CLANG_WARN_NON_LITERAL_NULL_CONVERSION = YES;
				CLANG_WARN_OBJC_IMPLICIT_RETAIN_SELF = YES;
				CLANG_WARN_OBJC_LITERAL_CONVERSION = YES;
				CLANG_WARN_OBJC_ROOT_CLASS = YES_ERROR;
				CLANG_WARN_QUOTED_INCLUDE_IN_FRAMEWORK_HEADER = YES;
				CLANG_WARN_RANGE_LOOP_ANALYSIS = YES;
				CLANG_WARN_STRICT_PROTOTYPES = YES;
				CLANG_WARN_SUSPICIOUS_MOVE = YES;
				CLANG_WARN_UNGUARDED_AVAILABILITY = YES_AGGRESSIVE;
				CLANG_WARN_UNREACHABLE_CODE = YES;
				CLANG_WARN__DUPLICATE_METHOD_MATCH = YES;
				COPY_PHASE_STRIP = NO;
				DEBUG_INFORMATION_FORMAT = "dwarf-with-dsym";
				ENABLE_NS_ASSERTIONS = NO;
				ENABLE_STRICT_OBJC_MSGSEND = YES;
				ENABLE_USER_SCRIPT_SANDBOXING = YES;
				GCC_C_LANGUAGE_STANDARD = gnu17;
				GCC_NO_COMMON_BLOCKS = YES;
				GCC_WARN_64_TO_32_BIT_CONVERSION = YES;
				GCC_WARN_ABOUT_RETURN_TYPE = YES_ERROR;
				GCC_WARN_UNDECLARED_SELECTOR = YES;
				GCC_WARN_UNINITIALIZED_AUTOS = YES_AGGRESSIVE;
				GCC_WARN_UNUSED_FUNCTION = YES;
				GCC_WARN_UNUSED_VARIABLE = YES;
				LOCALIZATION_PREFERS_STRING_CATALOGS = YES;
				MACOSX_DEPLOYMENT_TARGET = 14.4;
				MTL_ENABLE_DEBUG_INFO = NO;
				MTL_FAST_MATH = YES;
				SDKROOT = macosx;
				SWIFT_COMPILATION_MODE = wholemodule;
			};
			name = Release;
		};
		1138E1722C0528260008BE23 /* Debug */ = {
			isa = XCBuildConfiguration;
			buildSettings = {
				CODE_SIGN_STYLE = Automatic;
				DEVELOPMENT_TEAM = D9VBS8XHR6;
				ENABLE_HARDENED_RUNTIME = YES;
				PRODUCT_NAME = "$(TARGET_NAME)";
				SWIFT_VERSION = 5.0;
			};
			name = Debug;
		};
		1138E1732C0528260008BE23 /* Release */ = {
			isa = XCBuildConfiguration;
			buildSettings = {
				CODE_SIGN_STYLE = Automatic;
				DEVELOPMENT_TEAM = D9VBS8XHR6;
				ENABLE_HARDENED_RUNTIME = YES;
				PRODUCT_NAME = "$(TARGET_NAME)";
				SWIFT_VERSION = 5.0;
			};
			name = Release;
		};
/* End XCBuildConfiguration section */

/* Begin XCConfigurationList section */
		1138E1652C0528260008BE23 /* Build configuration list for PBXProject "MachineLearningSwift" */ = {
			isa = XCConfigurationList;
			buildConfigurations = (
				1138E16F2C0528260008BE23 /* Debug */,
				1138E1702C0528260008BE23 /* Release */,
			);
			defaultConfigurationIsVisible = 0;
			defaultConfigurationName = Release;
		};
		1138E1712C0528260008BE23 /* Build configuration list for PBXNativeTarget "MachineLearningSwift" */ = {
			isa = XCConfigurationList;
			buildConfigurations = (
				1138E1722C0528260008BE23 /* Debug */,
				1138E1732C0528260008BE23 /* Release */,
			);
			defaultConfigurationIsVisible = 0;
			defaultConfigurationName = Release;
		};
/* End XCConfigurationList section */
	};
	rootObject = 1138E1622C0528260008BE23 /* Project object */;
}
