// !$*UTF8*$!
{
	archiveVersion = 1;
	classes = {
	};
	objectVersion = 56;
	objects = {

/* Begin PBXBuildFile section */
		1101C3DF2D10DBD4000645A8 /* Transformer.swift in Sources */ = {isa = PBXBuildFile; fileRef = 1101C3DE2D10DBD4000645A8 /* Transformer.swift */; };
		1117C0E82CD583F90036F8F0 /* MetalQLearningAgent.swift in Sources */ = {isa = PBXBuildFile; fileRef = 1117C0E72CD583F90036F8F0 /* MetalQLearningAgent.swift */; };
		112270D02C77D1F00099B5BF /* VectorStore.swift in Sources */ = {isa = PBXBuildFile; fileRef = 112270CF2C77D1F00099B5BF /* VectorStore.swift */; };
		1122EB4D2C071D180083D697 /* DecisionTree.swift in Sources */ = {isa = PBXBuildFile; fileRef = 1122EB4C2C071D180083D697 /* DecisionTree.swift */; };
		113246B82CBE896E00C6618A /* MetalRestrictedBoltzmannMachine.swift in Sources */ = {isa = PBXBuildFile; fileRef = 113246B72CBE896E00C6618A /* MetalRestrictedBoltzmannMachine.swift */; };
		1133AE862D3E3E0F001FAC0A /* Tensor.swift in Sources */ = {isa = PBXBuildFile; fileRef = 1133AE852D3E3E0F001FAC0A /* Tensor.swift */; };
		113811BA2D19F74000EA73C4 /* ChatBotLSTMTalking.swift in Sources */ = {isa = PBXBuildFile; fileRef = 113811B92D19F74000EA73C4 /* ChatBotLSTMTalking.swift */; };
		1138E16E2C0528260008BE23 /* main.swift in Sources */ = {isa = PBXBuildFile; fileRef = 1138E16D2C0528260008BE23 /* main.swift */; };
		1138E1752C0528CD0008BE23 /* LogisticRegression.swift in Sources */ = {isa = PBXBuildFile; fileRef = 1138E1742C0528CD0008BE23 /* LogisticRegression.swift */; };
		1138E1772C0529BF0008BE23 /* NeuralNetwork.swift in Sources */ = {isa = PBXBuildFile; fileRef = 1138E1762C0529BF0008BE23 /* NeuralNetwork.swift */; };
		1138E1792C052C7A0008BE23 /* KNearestNeighbors.swift in Sources */ = {isa = PBXBuildFile; fileRef = 1138E1782C052C7A0008BE23 /* KNearestNeighbors.swift */; };
		1153C1762CEFE28000E62E55 /* ChatBotLSTM.swift in Sources */ = {isa = PBXBuildFile; fileRef = 1153C1752CEFE28000E62E55 /* ChatBotLSTM.swift */; };
		1172EE732CE68BAC0037E71C /* chatbot_model.mlpackage in Sources */ = {isa = PBXBuildFile; fileRef = 1172EE722CE68BAC0037E71C /* chatbot_model.mlpackage */; };
		11A99EF02CB56B2A003D423D /* LSTMCell.swift in Sources */ = {isa = PBXBuildFile; fileRef = 11A99EEF2CB56B2A003D423D /* LSTMCell.swift */; };
		11A99EF22CB56F10003D423D /* MetalLSTMCell.swift in Sources */ = {isa = PBXBuildFile; fileRef = 11A99EF12CB56F10003D423D /* MetalLSTMCell.swift */; };
		11AB83592D3901C0002489B2 /* GPT.swift in Sources */ = {isa = PBXBuildFile; fileRef = 11AB83582D3901C0002489B2 /* GPT.swift */; };
		11AF24142D03879500517E49 /* Tokenizer.swift in Sources */ = {isa = PBXBuildFile; fileRef = 11AF24132D03879500517E49 /* Tokenizer.swift */; };
		11B060122D3A521F00F2A42C /* xLSTMCell.swift in Sources */ = {isa = PBXBuildFile; fileRef = 11B060112D3A521F00F2A42C /* xLSTMCell.swift */; };
		11BD02C72D5F65720008E946 /* DTIProcessor.swift in Sources */ = {isa = PBXBuildFile; fileRef = 11BD02C62D5F65720008E946 /* DTIProcessor.swift */; };
		11CFE3EF2CBDB4D90088B561 /* RestrictedBoltzmannMachine.swift in Sources */ = {isa = PBXBuildFile; fileRef = 11CFE3EE2CBDB4D90088B561 /* RestrictedBoltzmannMachine.swift */; };
		11D9054D2D63E7580053CDA7 /* DifferentialEquation.swift in Sources */ = {isa = PBXBuildFile; fileRef = 11D9054C2D63E7580053CDA7 /* DifferentialEquation.swift */; };
		11D905502D63E78A0053CDA7 /* ComplexModule in Frameworks */ = {isa = PBXBuildFile; productRef = 11D9054F2D63E78A0053CDA7 /* ComplexModule */; };
		11D905522D63E78A0053CDA7 /* Numerics in Frameworks */ = {isa = PBXBuildFile; productRef = 11D905512D63E78A0053CDA7 /* Numerics */; };
		11D905542D63E78A0053CDA7 /* RealModule in Frameworks */ = {isa = PBXBuildFile; productRef = 11D905532D63E78A0053CDA7 /* RealModule */; };
		11D905562D63ECEF0053CDA7 /* Analysis.swift in Sources */ = {isa = PBXBuildFile; fileRef = 11D905552D63ECEF0053CDA7 /* Analysis.swift */; };
		11E03A5B2D64771700108226 /* Stochastic.swift in Sources */ = {isa = PBXBuildFile; fileRef = 11E03A5A2D64771700108226 /* Stochastic.swift */; };
		11EA585A2C20B56A00768119 /* MetalNeuralNetwork.swift in Sources */ = {isa = PBXBuildFile; fileRef = 11EA58592C20B56A00768119 /* MetalNeuralNetwork.swift */; };
		11FCF3412CE8F6BB00014C6E /* Chatbot.swift in Sources */ = {isa = PBXBuildFile; fileRef = 11FCF3402CE8F6BB00014C6E /* Chatbot.swift */; };
/* End PBXBuildFile section */

/* Begin PBXCopyFilesBuildPhase section */
		1138E1682C0528260008BE23 /* CopyFiles */ = {
			isa = PBXCopyFilesBuildPhase;
			buildActionMask = 2147483647;
			dstPath = /usr/share/man/man1/;
			dstSubfolderSpec = 0;
			files = (
			);
			runOnlyForDeploymentPostprocessing = 1;
		};
/* End PBXCopyFilesBuildPhase section */

/* Begin PBXFileReference section */
		1101C3DE2D10DBD4000645A8 /* Transformer.swift */ = {isa = PBXFileReference; lastKnownFileType = sourcecode.swift; path = Transformer.swift; sourceTree = "<group>"; };
		1117C0E72CD583F90036F8F0 /* MetalQLearningAgent.swift */ = {isa = PBXFileReference; lastKnownFileType = sourcecode.swift; path = MetalQLearningAgent.swift; sourceTree = "<group>"; };
		112270CF2C77D1F00099B5BF /* VectorStore.swift */ = {isa = PBXFileReference; lastKnownFileType = sourcecode.swift; path = VectorStore.swift; sourceTree = "<group>"; };
		1122EB4C2C071D180083D697 /* DecisionTree.swift */ = {isa = PBXFileReference; lastKnownFileType = sourcecode.swift; path = DecisionTree.swift; sourceTree = "<group>"; };
		113246B72CBE896E00C6618A /* MetalRestrictedBoltzmannMachine.swift */ = {isa = PBXFileReference; lastKnownFileType = sourcecode.swift; path = MetalRestrictedBoltzmannMachine.swift; sourceTree = "<group>"; };
		1133AE852D3E3E0F001FAC0A /* Tensor.swift */ = {isa = PBXFileReference; lastKnownFileType = sourcecode.swift; path = Tensor.swift; sourceTree = "<group>"; };
		113811B92D19F74000EA73C4 /* ChatBotLSTMTalking.swift */ = {isa = PBXFileReference; lastKnownFileType = sourcecode.swift; path = ChatBotLSTMTalking.swift; sourceTree = "<group>"; };
		1138E16A2C0528260008BE23 /* MachineLearningSwift */ = {isa = PBXFileReference; explicitFileType = "compiled.mach-o.executable"; includeInIndex = 0; path = MachineLearningSwift; sourceTree = BUILT_PRODUCTS_DIR; };
		1138E16D2C0528260008BE23 /* main.swift */ = {isa = PBXFileReference; lastKnownFileType = sourcecode.swift; path = main.swift; sourceTree = "<group>"; };
		1138E1742C0528CD0008BE23 /* LogisticRegression.swift */ = {isa = PBXFileReference; lastKnownFileType = sourcecode.swift; path = LogisticRegression.swift; sourceTree = "<group>"; };
		1138E1762C0529BF0008BE23 /* NeuralNetwork.swift */ = {isa = PBXFileReference; lastKnownFileType = sourcecode.swift; path = NeuralNetwork.swift; sourceTree = "<group>"; };
		1138E1782C052C7A0008BE23 /* KNearestNeighbors.swift */ = {isa = PBXFileReference; lastKnownFileType = sourcecode.swift; path = KNearestNeighbors.swift; sourceTree = "<group>"; };
		1153C1752CEFE28000E62E55 /* ChatBotLSTM.swift */ = {isa = PBXFileReference; lastKnownFileType = sourcecode.swift; path = ChatBotLSTM.swift; sourceTree = "<group>"; };
		1172EE722CE68BAC0037E71C /* chatbot_model.mlpackage */ = {isa = PBXFileReference; lastKnownFileType = folder.mlpackage; path = chatbot_model.mlpackage; sourceTree = "<group>"; };
		11A99EEF2CB56B2A003D423D /* LSTMCell.swift */ = {isa = PBXFileReference; lastKnownFileType = sourcecode.swift; path = LSTMCell.swift; sourceTree = "<group>"; };
		11A99EF12CB56F10003D423D /* MetalLSTMCell.swift */ = {isa = PBXFileReference; lastKnownFileType = sourcecode.swift; path = MetalLSTMCell.swift; sourceTree = "<group>"; };
		11AB83582D3901C0002489B2 /* GPT.swift */ = {isa = PBXFileReference; lastKnownFileType = sourcecode.swift; path = GPT.swift; sourceTree = "<group>"; };
		11AF24132D03879500517E49 /* Tokenizer.swift */ = {isa = PBXFileReference; lastKnownFileType = sourcecode.swift; path = Tokenizer.swift; sourceTree = "<group>"; };
		11B060112D3A521F00F2A42C /* xLSTMCell.swift */ = {isa = PBXFileReference; lastKnownFileType = sourcecode.swift; path = xLSTMCell.swift; sourceTree = "<group>"; };
		11BD02C62D5F65720008E946 /* DTIProcessor.swift */ = {isa = PBXFileReference; lastKnownFileType = sourcecode.swift; path = DTIProcessor.swift; sourceTree = "<group>"; };
		11CFE3EE2CBDB4D90088B561 /* RestrictedBoltzmannMachine.swift */ = {isa = PBXFileReference; lastKnownFileType = sourcecode.swift; path = RestrictedBoltzmannMachine.swift; sourceTree = "<group>"; };
		11D9054C2D63E7580053CDA7 /* DifferentialEquation.swift */ = {isa = PBXFileReference; lastKnownFileType = sourcecode.swift; path = DifferentialEquation.swift; sourceTree = "<group>"; };
		11D905552D63ECEF0053CDA7 /* Analysis.swift */ = {isa = PBXFileReference; lastKnownFileType = sourcecode.swift; path = Analysis.swift; sourceTree = "<group>"; };
		11E03A5A2D64771700108226 /* Stochastic.swift */ = {isa = PBXFileReference; lastKnownFileType = sourcecode.swift; path = Stochastic.swift; sourceTree = "<group>"; };
		11EA58592C20B56A00768119 /* MetalNeuralNetwork.swift */ = {isa = PBXFileReference; lastKnownFileType = sourcecode.swift; path = MetalNeuralNetwork.swift; sourceTree = "<group>"; };
		11FCF3402CE8F6BB00014C6E /* Chatbot.swift */ = {isa = PBXFileReference; lastKnownFileType = sourcecode.swift; path = Chatbot.swift; sourceTree = "<group>"; };
		11FCF3422CE9098B00014C6E /* timecapsule.txt */ = {isa = PBXFileReference; lastKnownFileType = text; path = timecapsule.txt; sourceTree = "<group>"; };
/* End PBXFileReference section */

/* Begin PBXFrameworksBuildPhase section */
		1138E1672C0528260008BE23 /* Frameworks */ = {
			isa = PBXFrameworksBuildPhase;
			buildActionMask = 2147483647;
			files = (
				11D905522D63E78A0053CDA7 /* Numerics in Frameworks */,
				11D905502D63E78A0053CDA7 /* ComplexModule in Frameworks */,
				11D905542D63E78A0053CDA7 /* RealModule in Frameworks */,
			);
			runOnlyForDeploymentPostprocessing = 0;
		};
/* End PBXFrameworksBuildPhase section */

/* Begin PBXGroup section */
		1138E1612C0528260008BE23 = {
			isa = PBXGroup;
			children = (
				1138E16C2C0528260008BE23 /* MachineLearningSwift */,
				1138E16B2C0528260008BE23 /* Products */,
			);
			sourceTree = "<group>";
		};
		1138E16B2C0528260008BE23 /* Products */ = {
			isa = PBXGroup;
			children = (
				1138E16A2C0528260008BE23 /* MachineLearningSwift */,
			);
			name = Products;
			sourceTree = "<group>";
		};
		1138E16C2C0528260008BE23 /* MachineLearningSwift */ = {
			isa = PBXGroup;
			children = (
				11E03A5D2D647BC600108226 /* Mathematics */,
				11E03A5C2D647B7B00108226 /* MachineLearning */,
				1138E16D2C0528260008BE23 /* main.swift */,
			);
			path = MachineLearningSwift;
			sourceTree = "<group>";
		};
		11E03A5C2D647B7B00108226 /* MachineLearning */ = {
			isa = PBXGroup;
			children = (
				1122EB4C2C071D180083D697 /* DecisionTree.swift */,
				1138E1742C0528CD0008BE23 /* LogisticRegression.swift */,
				1138E1762C0529BF0008BE23 /* NeuralNetwork.swift */,
				1138E1782C052C7A0008BE23 /* KNearestNeighbors.swift */,
				11EA58592C20B56A00768119 /* MetalNeuralNetwork.swift */,
				112270CF2C77D1F00099B5BF /* VectorStore.swift */,
				11A99EEF2CB56B2A003D423D /* LSTMCell.swift */,
				11B060112D3A521F00F2A42C /* xLSTMCell.swift */,
				11A99EF12CB56F10003D423D /* MetalLSTMCell.swift */,
				11CFE3EE2CBDB4D90088B561 /* RestrictedBoltzmannMachine.swift */,
				113246B72CBE896E00C6618A /* MetalRestrictedBoltzmannMachine.swift */,
				1117C0E72CD583F90036F8F0 /* MetalQLearningAgent.swift */,
				1172EE722CE68BAC0037E71C /* chatbot_model.mlpackage */,
				11FCF3402CE8F6BB00014C6E /* Chatbot.swift */,
				11FCF3422CE9098B00014C6E /* timecapsule.txt */,
				1153C1752CEFE28000E62E55 /* ChatBotLSTM.swift */,
				113811B92D19F74000EA73C4 /* ChatBotLSTMTalking.swift */,
				11AF24132D03879500517E49 /* Tokenizer.swift */,
				1101C3DE2D10DBD4000645A8 /* Transformer.swift */,
				11AB83582D3901C0002489B2 /* GPT.swift */,
			);
			path = MachineLearning;
			sourceTree = "<group>";
		};
		11E03A5D2D647BC600108226 /* Mathematics */ = {
			isa = PBXGroup;
			children = (
				11E03A602D647C2A00108226 /* LinearAlgebra */,
				11E03A5F2D647BF500108226 /* Stochastic */,
				11E03A5E2D647BD600108226 /* Analysis */,
			);
			path = Mathematics;
			sourceTree = "<group>";
		};
		11E03A5E2D647BD600108226 /* Analysis */ = {
			isa = PBXGroup;
			children = (
				11D905552D63ECEF0053CDA7 /* Analysis.swift */,
				11D9054C2D63E7580053CDA7 /* DifferentialEquation.swift */,
			);
			path = Analysis;
			sourceTree = "<group>";
		};
		11E03A5F2D647BF500108226 /* Stochastic */ = {
			isa = PBXGroup;
			children = (
				11E03A5A2D64771700108226 /* Stochastic.swift */,
			);
			path = Stochastic;
			sourceTree = "<group>";
		};
		11E03A602D647C2A00108226 /* LinearAlgebra */ = {
			isa = PBXGroup;
			children = (
				1133AE852D3E3E0F001FAC0A /* Tensor.swift */,
				11BD02C62D5F65720008E946 /* DTIProcessor.swift */,
			);
			path = LinearAlgebra;
			sourceTree = "<group>";
		};
/* End PBXGroup section */

/* Begin PBXNativeTarget section */
		1138E1692C0528260008BE23 /* MachineLearningSwift */ = {
			isa = PBXNativeTarget;
			buildConfigurationList = 1138E1712C0528260008BE23 /* Build configuration list for PBXNativeTarget "MachineLearningSwift" */;
			buildPhases = (
				1138E1662C0528260008BE23 /* Sources */,
				1138E1672C0528260008BE23 /* Frameworks */,
				1138E1682C0528260008BE23 /* CopyFiles */,
			);
			buildRules = (
			);
			dependencies = (
			);
			name = MachineLearningSwift;
			productName = MachineLearningSwift;
			productReference = 1138E16A2C0528260008BE23 /* MachineLearningSwift */;
			productType = "com.apple.product-type.tool";
		};
/* End PBXNativeTarget section */

/* Begin PBXProject section */
		1138E1622C0528260008BE23 /* Project object */ = {
			isa = PBXProject;
			attributes = {
				BuildIndependentTargetsInParallel = 1;
				LastSwiftUpdateCheck = 1530;
				LastUpgradeCheck = 1530;
				TargetAttributes = {
					1138E1692C0528260008BE23 = {
						CreatedOnToolsVersion = 15.3;
					};
				};
			};
			buildConfigurationList = 1138E1652C0528260008BE23 /* Build configuration list for PBXProject "MachineLearningSwift" */;
			compatibilityVersion = "Xcode 14.0";
			developmentRegion = en;
			hasScannedForEncodings = 0;
			knownRegions = (
				en,
				Base,
			);
			mainGroup = 1138E1612C0528260008BE23;
			packageReferences = (
				11D9054E2D63E78A0053CDA7 /* XCRemoteSwiftPackageReference "swift-numerics" */,
			);
			productRefGroup = 1138E16B2C0528260008BE23 /* Products */;
			projectDirPath = "";
			projectRoot = "";
			targets = (
				1138E1692C0528260008BE23 /* MachineLearningSwift */,
			);
		};
/* End PBXProject section */

/* Begin PBXSourcesBuildPhase section */
		1138E1662C0528260008BE23 /* Sources */ = {
			isa = PBXSourcesBuildPhase;
			buildActionMask = 2147483647;
			files = (
				1133AE862D3E3E0F001FAC0A /* Tensor.swift in Sources */,
				11D9054D2D63E7580053CDA7 /* DifferentialEquation.swift in Sources */,
				1101C3DF2D10DBD4000645A8 /* Transformer.swift in Sources */,
				11BD02C72D5F65720008E946 /* DTIProcessor.swift in Sources */,
				1138E1792C052C7A0008BE23 /* KNearestNeighbors.swift in Sources */,
				11B060122D3A521F00F2A42C /* xLSTMCell.swift in Sources */,
				11A99EF02CB56B2A003D423D /* LSTMCell.swift in Sources */,
				11CFE3EF2CBDB4D90088B561 /* RestrictedBoltzmannMachine.swift in Sources */,
				1117C0E82CD583F90036F8F0 /* MetalQLearningAgent.swift in Sources */,
				1122EB4D2C071D180083D697 /* DecisionTree.swift in Sources */,
				11AB83592D3901C0002489B2 /* GPT.swift in Sources */,
				11AF24142D03879500517E49 /* Tokenizer.swift in Sources */,
				1138E1752C0528CD0008BE23 /* LogisticRegression.swift in Sources */,
				11D905562D63ECEF0053CDA7 /* Analysis.swift in Sources */,
				112270D02C77D1F00099B5BF /* VectorStore.swift in Sources */,
				113246B82CBE896E00C6618A /* MetalRestrictedBoltzmannMachine.swift in Sources */,
				11A99EF22CB56F10003D423D /* MetalLSTMCell.swift in Sources */,
				1138E16E2C0528260008BE23 /* main.swift in Sources */,
				11EA585A2C20B56A00768119 /* MetalNeuralNetwork.swift in Sources */,
				11FCF3412CE8F6BB00014C6E /* Chatbot.swift in Sources */,
				1138E1772C0529BF0008BE23 /* NeuralNetwork.swift in Sources */,
				1172EE732CE68BAC0037E71C /* chatbot_model.mlpackage in Sources */,
				113811BA2D19F74000EA73C4 /* ChatBotLSTMTalking.swift in Sources */,
				1153C1762CEFE28000E62E55 /* ChatBotLSTM.swift in Sources */,
				11E03A5B2D64771700108226 /* Stochastic.swift in Sources */,
			);
			runOnlyForDeploymentPostprocessing = 0;
		};
/* End PBXSourcesBuildPhase section */

/* Begin XCBuildConfiguration section */
		1138E16F2C0528260008BE23 /* Debug */ = {
			isa = XCBuildConfiguration;
			buildSettings = {
				ALWAYS_SEARCH_USER_PATHS = NO;
				ASSETCATALOG_COMPILER_GENERATE_SWIFT_ASSET_SYMBOL_EXTENSIONS = YES;
				CLANG_ANALYZER_NONNULL = YES;
				CLANG_ANALYZER_NUMBER_OBJECT_CONVERSION = YES_AGGRESSIVE;
				CLANG_CXX_LANGUAGE_STANDARD = "gnu++20";
				CLANG_ENABLE_MODULES = YES;
				CLANG_ENABLE_OBJC_ARC = YES;
				CLANG_ENABLE_OBJC_WEAK = YES;
				CLANG_WARN_BLOCK_CAPTURE_AUTORELEASING = YES;
				CLANG_WARN_BOOL_CONVERSION = YES;
				CLANG_WARN_COMMA = YES;
				CLANG_WARN_CONSTANT_CONVERSION = YES;
				CLANG_WARN_DEPRECATED_OBJC_IMPLEMENTATIONS = YES;
				CLANG_WARN_DIRECT_OBJC_ISA_USAGE = YES_ERROR;
				CLANG_WARN_DOCUMENTATION_COMMENTS = YES;
				CLANG_WARN_EMPTY_BODY = YES;
				CLANG_WARN_ENUM_CONVERSION = YES;
				CLANG_WARN_INFINITE_RECURSION = YES;
				CLANG_WARN_INT_CONVERSION = YES;
				CLANG_WARN_NON_LITERAL_NULL_CONVERSION = YES;
				CLANG_WARN_OBJC_IMPLICIT_RETAIN_SELF = YES;
				CLANG_WARN_OBJC_LITERAL_CONVERSION = YES;
				CLANG_WARN_OBJC_ROOT_CLASS = YES_ERROR;
				CLANG_WARN_QUOTED_INCLUDE_IN_FRAMEWORK_HEADER = YES;
				CLANG_WARN_RANGE_LOOP_ANALYSIS = YES;
				CLANG_WARN_STRICT_PROTOTYPES = YES;
				CLANG_WARN_SUSPICIOUS_MOVE = YES;
				CLANG_WARN_UNGUARDED_AVAILABILITY = YES_AGGRESSIVE;
				CLANG_WARN_UNREACHABLE_CODE = YES;
				CLANG_WARN__DUPLICATE_METHOD_MATCH = YES;
				COPY_PHASE_STRIP = NO;
				DEBUG_INFORMATION_FORMAT = dwarf;
				ENABLE_STRICT_OBJC_MSGSEND = YES;
				ENABLE_TESTABILITY = YES;
				ENABLE_USER_SCRIPT_SANDBOXING = YES;
				GCC_C_LANGUAGE_STANDARD = gnu17;
				GCC_DYNAMIC_NO_PIC = NO;
				GCC_NO_COMMON_BLOCKS = YES;
				GCC_OPTIMIZATION_LEVEL = 0;
				GCC_PREPROCESSOR_DEFINITIONS = (
					"DEBUG=1",
					"$(inherited)",
				);
				GCC_WARN_64_TO_32_BIT_CONVERSION = YES;
				GCC_WARN_ABOUT_RETURN_TYPE = YES_ERROR;
				GCC_WARN_UNDECLARED_SELECTOR = YES;
				GCC_WARN_UNINITIALIZED_AUTOS = YES_AGGRESSIVE;
				GCC_WARN_UNUSED_FUNCTION = YES;
				GCC_WARN_UNUSED_VARIABLE = YES;
				LOCALIZATION_PREFERS_STRING_CATALOGS = YES;
				MACOSX_DEPLOYMENT_TARGET = 14.4;
				MTL_ENABLE_DEBUG_INFO = INCLUDE_SOURCE;
				MTL_FAST_MATH = YES;
				ONLY_ACTIVE_ARCH = YES;
				SDKROOT = macosx;
				SWIFT_ACTIVE_COMPILATION_CONDITIONS = "DEBUG $(inherited)";
				SWIFT_OPTIMIZATION_LEVEL = "-Onone";
			};
			name = Debug;
		};
		1138E1702C0528260008BE23 /* Release */ = {
			isa = XCBuildConfiguration;
			buildSettings = {
				ALWAYS_SEARCH_USER_PATHS = NO;
				ASSETCATALOG_COMPILER_GENERATE_SWIFT_ASSET_SYMBOL_EXTENSIONS = YES;
				CLANG_ANALYZER_NONNULL = YES;
				CLANG_ANALYZER_NUMBER_OBJECT_CONVERSION = YES_AGGRESSIVE;
				CLANG_CXX_LANGUAGE_STANDARD = "gnu++20";
				CLANG_ENABLE_MODULES = YES;
				CLANG_ENABLE_OBJC_ARC = YES;
				CLANG_ENABLE_OBJC_WEAK = YES;
				CLANG_WARN_BLOCK_CAPTURE_AUTORELEASING = YES;
				CLANG_WARN_BOOL_CONVERSION = YES;
				CLANG_WARN_COMMA = YES;
				CLANG_WARN_CONSTANT_CONVERSION = YES;
				CLANG_WARN_DEPRECATED_OBJC_IMPLEMENTATIONS = YES;
				CLANG_WARN_DIRECT_OBJC_ISA_USAGE = YES_ERROR;
				CLANG_WARN_DOCUMENTATION_COMMENTS = YES;
				CLANG_WARN_EMPTY_BODY = YES;
				CLANG_WARN_ENUM_CONVERSION = YES;
				CLANG_WARN_INFINITE_RECURSION = YES;
				CLANG_WARN_INT_CONVERSION = YES;
				CLANG_WARN_NON_LITERAL_NULL_CONVERSION = YES;
				CLANG_WARN_OBJC_IMPLICIT_RETAIN_SELF = YES;
				CLANG_WARN_OBJC_LITERAL_CONVERSION = YES;
				CLANG_WARN_OBJC_ROOT_CLASS = YES_ERROR;
				CLANG_WARN_QUOTED_INCLUDE_IN_FRAMEWORK_HEADER = YES;
				CLANG_WARN_RANGE_LOOP_ANALYSIS = YES;
				CLANG_WARN_STRICT_PROTOTYPES = YES;
				CLANG_WARN_SUSPICIOUS_MOVE = YES;
				CLANG_WARN_UNGUARDED_AVAILABILITY = YES_AGGRESSIVE;
				CLANG_WARN_UNREACHABLE_CODE = YES;
				CLANG_WARN__DUPLICATE_METHOD_MATCH = YES;
				COPY_PHASE_STRIP = NO;
				DEBUG_INFORMATION_FORMAT = "dwarf-with-dsym";
				ENABLE_NS_ASSERTIONS = NO;
				ENABLE_STRICT_OBJC_MSGSEND = YES;
				ENABLE_USER_SCRIPT_SANDBOXING = YES;
				GCC_C_LANGUAGE_STANDARD = gnu17;
				GCC_NO_COMMON_BLOCKS = YES;
				GCC_WARN_64_TO_32_BIT_CONVERSION = YES;
				GCC_WARN_ABOUT_RETURN_TYPE = YES_ERROR;
				GCC_WARN_UNDECLARED_SELECTOR = YES;
				GCC_WARN_UNINITIALIZED_AUTOS = YES_AGGRESSIVE;
				GCC_WARN_UNUSED_FUNCTION = YES;
				GCC_WARN_UNUSED_VARIABLE = YES;
				LOCALIZATION_PREFERS_STRING_CATALOGS = YES;
				MACOSX_DEPLOYMENT_TARGET = 14.4;
				MTL_ENABLE_DEBUG_INFO = NO;
				MTL_FAST_MATH = YES;
				SDKROOT = macosx;
				SWIFT_COMPILATION_MODE = wholemodule;
			};
			name = Release;
		};
		1138E1722C0528260008BE23 /* Debug */ = {
			isa = XCBuildConfiguration;
			buildSettings = {
				CODE_SIGN_STYLE = Automatic;
				DEVELOPMENT_TEAM = D9VBS8XHR6;
				ENABLE_HARDENED_RUNTIME = YES;
				PRODUCT_NAME = "$(TARGET_NAME)";
				SWIFT_VERSION = 5.0;
			};
			name = Debug;
		};
		1138E1732C0528260008BE23 /* Release */ = {
			isa = XCBuildConfiguration;
			buildSettings = {
				CODE_SIGN_STYLE = Automatic;
				DEVELOPMENT_TEAM = D9VBS8XHR6;
				ENABLE_HARDENED_RUNTIME = YES;
				PRODUCT_NAME = "$(TARGET_NAME)";
				SWIFT_VERSION = 5.0;
			};
			name = Release;
		};
/* End XCBuildConfiguration section */

/* Begin XCConfigurationList section */
		1138E1652C0528260008BE23 /* Build configuration list for PBXProject "MachineLearningSwift" */ = {
			isa = XCConfigurationList;
			buildConfigurations = (
				1138E16F2C0528260008BE23 /* Debug */,
				1138E1702C0528260008BE23 /* Release */,
			);
			defaultConfigurationIsVisible = 0;
			defaultConfigurationName = Release;
		};
		1138E1712C0528260008BE23 /* Build configuration list for PBXNativeTarget "MachineLearningSwift" */ = {
			isa = XCConfigurationList;
			buildConfigurations = (
				1138E1722C0528260008BE23 /* Debug */,
				1138E1732C0528260008BE23 /* Release */,
			);
			defaultConfigurationIsVisible = 0;
			defaultConfigurationName = Release;
		};
/* End XCConfigurationList section */

/* Begin XCRemoteSwiftPackageReference section */
		11D9054E2D63E78A0053CDA7 /* XCRemoteSwiftPackageReference "swift-numerics" */ = {
			isa = XCRemoteSwiftPackageReference;
			repositoryURL = "https://github.com/apple/swift-numerics.git";
			requirement = {
				kind = upToNextMajorVersion;
				minimumVersion = 1.0.2;
			};
		};
/* End XCRemoteSwiftPackageReference section */

/* Begin XCSwiftPackageProductDependency section */
		11D9054F2D63E78A0053CDA7 /* ComplexModule */ = {
			isa = XCSwiftPackageProductDependency;
			package = 11D9054E2D63E78A0053CDA7 /* XCRemoteSwiftPackageReference "swift-numerics" */;
			productName = ComplexModule;
		};
		11D905512D63E78A0053CDA7 /* Numerics */ = {
			isa = XCSwiftPackageProductDependency;
			package = 11D9054E2D63E78A0053CDA7 /* XCRemoteSwiftPackageReference "swift-numerics" */;
			productName = Numerics;
		};
		11D905532D63E78A0053CDA7 /* RealModule */ = {
			isa = XCSwiftPackageProductDependency;
			package = 11D9054E2D63E78A0053CDA7 /* XCRemoteSwiftPackageReference "swift-numerics" */;
			productName = RealModule;
		};
/* End XCSwiftPackageProductDependency section */
	};
	rootObject = 1138E1622C0528260008BE23 /* Project object */;
}
